// !$*UTF8*$!
{
	archiveVersion = 1;
	classes = {
	};
	objectVersion = 56;
	objects = {

/* Begin PBXBuildFile section */
		FD4EA92E2A0AD20300806738 /* AguaDiaria.swift in Sources */ = {isa = PBXBuildFile; fileRef = FD4EA92D2A0AD20300806738 /* AguaDiaria.swift */; };
		FD4EA9302A0AD5CC00806738 /* ViewModel.swift in Sources */ = {isa = PBXBuildFile; fileRef = FD4EA92F2A0AD5CC00806738 /* ViewModel.swift */; };
		FD4EA9322A0C075A00806738 /* Object.swift in Sources */ = {isa = PBXBuildFile; fileRef = FD4EA9312A0C075A00806738 /* Object.swift */; };
		FD4EA9352A0C08D800806738 /* AuthUser.swift in Sources */ = {isa = PBXBuildFile; fileRef = FD4EA9342A0C08D800806738 /* AuthUser.swift */; };
		FD4EA9372A0C094900806738 /* CreateUser.swift in Sources */ = {isa = PBXBuildFile; fileRef = FD4EA9362A0C094900806738 /* CreateUser.swift */; };
		FD4EA9392A0C09B300806738 /* ManageUser.swift in Sources */ = {isa = PBXBuildFile; fileRef = FD4EA9382A0C09B300806738 /* ManageUser.swift */; };
		FD4EA93D2A0C12F100806738 /* GetFitlife.swift in Sources */ = {isa = PBXBuildFile; fileRef = FD4EA93C2A0C12F100806738 /* GetFitlife.swift */; };
		FD6B79462A097BDF00EBBFBD /* FitLifeApp.swift in Sources */ = {isa = PBXBuildFile; fileRef = FD6B79452A097BDF00EBBFBD /* FitLifeApp.swift */; };
		FD6B79482A097BDF00EBBFBD /* ContentView.swift in Sources */ = {isa = PBXBuildFile; fileRef = FD6B79472A097BDF00EBBFBD /* ContentView.swift */; };
		FD6B794A2A097BE000EBBFBD /* Assets.xcassets in Resources */ = {isa = PBXBuildFile; fileRef = FD6B79492A097BE000EBBFBD /* Assets.xcassets */; };
		FD6B794D2A097BE000EBBFBD /* Preview Assets.xcassets in Resources */ = {isa = PBXBuildFile; fileRef = FD6B794C2A097BE000EBBFBD /* Preview Assets.xcassets */; };
		FD6B79542A097C2B00EBBFBD /* Fichas.swift in Sources */ = {isa = PBXBuildFile; fileRef = FD6B79532A097C2B00EBBFBD /* Fichas.swift */; };
		FD6B79562A097C4700EBBFBD /* Exercicios.swift in Sources */ = {isa = PBXBuildFile; fileRef = FD6B79552A097C4700EBBFBD /* Exercicios.swift */; };
		FD6B79582A097C5400EBBFBD /* Ferramentas.swift in Sources */ = {isa = PBXBuildFile; fileRef = FD6B79572A097C5400EBBFBD /* Ferramentas.swift */; };
		FD6B79632A0AB58E00EBBFBD /* Timer.swift in Sources */ = {isa = PBXBuildFile; fileRef = FD6B79622A0AB58E00EBBFBD /* Timer.swift */; };
		FD6B79662A0ABE5500EBBFBD /* CalculadoraIMC.swift in Sources */ = {isa = PBXBuildFile; fileRef = FD6B79652A0ABE5500EBBFBD /* CalculadoraIMC.swift */; };
		FD6B79682A0AC32200EBBFBD /* ProCalculadoraIMC.swift in Sources */ = {isa = PBXBuildFile; fileRef = FD6B79672A0AC32200EBBFBD /* ProCalculadoraIMC.swift */; };
/* End PBXBuildFile section */

/* Begin PBXFileReference section */
		FD4EA92D2A0AD20300806738 /* AguaDiaria.swift */ = {isa = PBXFileReference; lastKnownFileType = sourcecode.swift; path = AguaDiaria.swift; sourceTree = "<group>"; };
		FD4EA92F2A0AD5CC00806738 /* ViewModel.swift */ = {isa = PBXFileReference; lastKnownFileType = sourcecode.swift; path = ViewModel.swift; sourceTree = "<group>"; };
		FD4EA9312A0C075A00806738 /* Object.swift */ = {isa = PBXFileReference; lastKnownFileType = sourcecode.swift; path = Object.swift; sourceTree = "<group>"; };
		FD4EA9342A0C08D800806738 /* AuthUser.swift */ = {isa = PBXFileReference; lastKnownFileType = sourcecode.swift; path = AuthUser.swift; sourceTree = "<group>"; };
		FD4EA9362A0C094900806738 /* CreateUser.swift */ = {isa = PBXFileReference; lastKnownFileType = sourcecode.swift; path = CreateUser.swift; sourceTree = "<group>"; };
		FD4EA9382A0C09B300806738 /* ManageUser.swift */ = {isa = PBXFileReference; lastKnownFileType = sourcecode.swift; path = ManageUser.swift; sourceTree = "<group>"; };
		FD4EA93C2A0C12F100806738 /* GetFitlife.swift */ = {isa = PBXFileReference; lastKnownFileType = sourcecode.swift; path = GetFitlife.swift; sourceTree = "<group>"; };
		FD6B79422A097BDF00EBBFBD /* FitLife.app */ = {isa = PBXFileReference; explicitFileType = wrapper.application; includeInIndex = 0; path = FitLife.app; sourceTree = BUILT_PRODUCTS_DIR; };
		FD6B79452A097BDF00EBBFBD /* FitLifeApp.swift */ = {isa = PBXFileReference; lastKnownFileType = sourcecode.swift; path = FitLifeApp.swift; sourceTree = "<group>"; };
		FD6B79472A097BDF00EBBFBD /* ContentView.swift */ = {isa = PBXFileReference; lastKnownFileType = sourcecode.swift; path = ContentView.swift; sourceTree = "<group>"; };
		FD6B79492A097BE000EBBFBD /* Assets.xcassets */ = {isa = PBXFileReference; lastKnownFileType = folder.assetcatalog; path = Assets.xcassets; sourceTree = "<group>"; };
		FD6B794C2A097BE000EBBFBD /* Preview Assets.xcassets */ = {isa = PBXFileReference; lastKnownFileType = folder.assetcatalog; path = "Preview Assets.xcassets"; sourceTree = "<group>"; };
		FD6B79532A097C2B00EBBFBD /* Fichas.swift */ = {isa = PBXFileReference; lastKnownFileType = sourcecode.swift; path = Fichas.swift; sourceTree = "<group>"; };
		FD6B79552A097C4700EBBFBD /* Exercicios.swift */ = {isa = PBXFileReference; lastKnownFileType = sourcecode.swift; path = Exercicios.swift; sourceTree = "<group>"; };
		FD6B79572A097C5400EBBFBD /* Ferramentas.swift */ = {isa = PBXFileReference; lastKnownFileType = sourcecode.swift; path = Ferramentas.swift; sourceTree = "<group>"; };
		FD6B79622A0AB58E00EBBFBD /* Timer.swift */ = {isa = PBXFileReference; lastKnownFileType = sourcecode.swift; path = Timer.swift; sourceTree = "<group>"; };
		FD6B79652A0ABE5500EBBFBD /* CalculadoraIMC.swift */ = {isa = PBXFileReference; lastKnownFileType = sourcecode.swift; path = CalculadoraIMC.swift; sourceTree = "<group>"; };
		FD6B79672A0AC32200EBBFBD /* ProCalculadoraIMC.swift */ = {isa = PBXFileReference; lastKnownFileType = sourcecode.swift; path = ProCalculadoraIMC.swift; sourceTree = "<group>"; };
/* End PBXFileReference section */

/* Begin PBXFrameworksBuildPhase section */
		FD6B793F2A097BDF00EBBFBD /* Frameworks */ = {
			isa = PBXFrameworksBuildPhase;
			buildActionMask = 2147483647;
			files = (
			);
			runOnlyForDeploymentPostprocessing = 0;
		};
/* End PBXFrameworksBuildPhase section */

/* Begin PBXGroup section */
		FD4EA9332A0C086700806738 /* Login */ = {
			isa = PBXGroup;
			children = (
				FD4EA9342A0C08D800806738 /* AuthUser.swift */,
				FD4EA9362A0C094900806738 /* CreateUser.swift */,
				FD4EA9382A0C09B300806738 /* ManageUser.swift */,
			);
			path = Login;
			sourceTree = "<group>";
		};
		FD6B79392A097BDF00EBBFBD = {
			isa = PBXGroup;
			children = (
				FD6B79442A097BDF00EBBFBD /* FitLife */,
				FD6B79432A097BDF00EBBFBD /* Products */,
			);
			sourceTree = "<group>";
		};
		FD6B79432A097BDF00EBBFBD /* Products */ = {
			isa = PBXGroup;
			children = (
				FD6B79422A097BDF00EBBFBD /* FitLife.app */,
			);
			name = Products;
			sourceTree = "<group>";
		};
		FD6B79442A097BDF00EBBFBD /* FitLife */ = {
			isa = PBXGroup;
			children = (
				FD6B79452A097BDF00EBBFBD /* FitLifeApp.swift */,
				FD4EA9332A0C086700806738 /* Login */,
				FD4EA92F2A0AD5CC00806738 /* ViewModel.swift */,
				FD6B79472A097BDF00EBBFBD /* ContentView.swift */,
				FD6B79592A097CD700EBBFBD /* TabView */,
				FD6B79492A097BE000EBBFBD /* Assets.xcassets */,
				FD6B794B2A097BE000EBBFBD /* Preview Content */,
				FD4EA9312A0C075A00806738 /* Object.swift */,
				FD4EA93C2A0C12F100806738 /* GetFitlife.swift */,
			);
			path = FitLife;
			sourceTree = "<group>";
		};
		FD6B794B2A097BE000EBBFBD /* Preview Content */ = {
			isa = PBXGroup;
			children = (
				FD6B794C2A097BE000EBBFBD /* Preview Assets.xcassets */,
			);
			path = "Preview Content";
			sourceTree = "<group>";
		};
		FD6B79592A097CD700EBBFBD /* TabView */ = {
			isa = PBXGroup;
			children = (
				FD6B79532A097C2B00EBBFBD /* Fichas.swift */,
				FD6B79552A097C4700EBBFBD /* Exercicios.swift */,
				FD6B79572A097C5400EBBFBD /* Ferramentas.swift */,
				FD6B79642A0AB67700EBBFBD /* Ferramentas */,
			);
			path = TabView;
			sourceTree = "<group>";
		};
		FD6B79642A0AB67700EBBFBD /* Ferramentas */ = {
			isa = PBXGroup;
			children = (
				FD6B79622A0AB58E00EBBFBD /* Timer.swift */,
				FD6B79652A0ABE5500EBBFBD /* CalculadoraIMC.swift */,
				FD6B79672A0AC32200EBBFBD /* ProCalculadoraIMC.swift */,
				FD4EA92D2A0AD20300806738 /* AguaDiaria.swift */,
			);
			path = Ferramentas;
			sourceTree = "<group>";
		};
/* End PBXGroup section */

/* Begin PBXNativeTarget section */
		FD6B79412A097BDF00EBBFBD /* FitLife */ = {
			isa = PBXNativeTarget;
			buildConfigurationList = FD6B79502A097BE000EBBFBD /* Build configuration list for PBXNativeTarget "FitLife" */;
			buildPhases = (
				FD6B793E2A097BDF00EBBFBD /* Sources */,
				FD6B793F2A097BDF00EBBFBD /* Frameworks */,
				FD6B79402A097BDF00EBBFBD /* Resources */,
			);
			buildRules = (
			);
			dependencies = (
			);
			name = FitLife;
			productName = FitLife;
			productReference = FD6B79422A097BDF00EBBFBD /* FitLife.app */;
			productType = "com.apple.product-type.application";
		};
/* End PBXNativeTarget section */

/* Begin PBXProject section */
		FD6B793A2A097BDF00EBBFBD /* Project object */ = {
			isa = PBXProject;
			attributes = {
				BuildIndependentTargetsInParallel = 1;
				LastSwiftUpdateCheck = 1420;
				LastUpgradeCheck = 1420;
				TargetAttributes = {
					FD6B79412A097BDF00EBBFBD = {
						CreatedOnToolsVersion = 14.2;
					};
				};
			};
			buildConfigurationList = FD6B793D2A097BDF00EBBFBD /* Build configuration list for PBXProject "FitLife" */;
			compatibilityVersion = "Xcode 14.0";
			developmentRegion = en;
			hasScannedForEncodings = 0;
			knownRegions = (
				en,
				Base,
			);
			mainGroup = FD6B79392A097BDF00EBBFBD;
			productRefGroup = FD6B79432A097BDF00EBBFBD /* Products */;
			projectDirPath = "";
			projectRoot = "";
			targets = (
				FD6B79412A097BDF00EBBFBD /* FitLife */,
			);
		};
/* End PBXProject section */

/* Begin PBXResourcesBuildPhase section */
		FD6B79402A097BDF00EBBFBD /* Resources */ = {
			isa = PBXResourcesBuildPhase;
			buildActionMask = 2147483647;
			files = (
				FD6B794D2A097BE000EBBFBD /* Preview Assets.xcassets in Resources */,
				FD6B794A2A097BE000EBBFBD /* Assets.xcassets in Resources */,
			);
			runOnlyForDeploymentPostprocessing = 0;
		};
/* End PBXResourcesBuildPhase section */

/* Begin PBXSourcesBuildPhase section */
		FD6B793E2A097BDF00EBBFBD /* Sources */ = {
			isa = PBXSourcesBuildPhase;
			buildActionMask = 2147483647;
			files = (
				FD6B79682A0AC32200EBBFBD /* ProCalculadoraIMC.swift in Sources */,
				FD4EA9392A0C09B300806738 /* ManageUser.swift in Sources */,
				FD6B79542A097C2B00EBBFBD /* Fichas.swift in Sources */,
				FD4EA9302A0AD5CC00806738 /* ViewModel.swift in Sources */,
				FD6B79562A097C4700EBBFBD /* Exercicios.swift in Sources */,
				FD6B79582A097C5400EBBFBD /* Ferramentas.swift in Sources */,
				FD4EA92E2A0AD20300806738 /* AguaDiaria.swift in Sources */,
				FD4EA9322A0C075A00806738 /* Object.swift in Sources */,
				FD4EA9372A0C094900806738 /* CreateUser.swift in Sources */,
				FD4EA93D2A0C12F100806738 /* GetFitlife.swift in Sources */,
				FD6B79632A0AB58E00EBBFBD /* Timer.swift in Sources */,
				FD6B79662A0ABE5500EBBFBD /* CalculadoraIMC.swift in Sources */,
				FD6B79482A097BDF00EBBFBD /* ContentView.swift in Sources */,
				FD4EA9352A0C08D800806738 /* AuthUser.swift in Sources */,
				FD6B79462A097BDF00EBBFBD /* FitLifeApp.swift in Sources */,
			);
			runOnlyForDeploymentPostprocessing = 0;
		};
/* End PBXSourcesBuildPhase section */

/* Begin XCBuildConfiguration section */
		FD6B794E2A097BE000EBBFBD /* Debug */ = {
			isa = XCBuildConfiguration;
			buildSettings = {
				ALWAYS_SEARCH_USER_PATHS = NO;
				CLANG_ANALYZER_NONNULL = YES;
				CLANG_ANALYZER_NUMBER_OBJECT_CONVERSION = YES_AGGRESSIVE;
				CLANG_CXX_LANGUAGE_STANDARD = "gnu++20";
				CLANG_ENABLE_MODULES = YES;
				CLANG_ENABLE_OBJC_ARC = YES;
				CLANG_ENABLE_OBJC_WEAK = YES;
				CLANG_WARN_BLOCK_CAPTURE_AUTORELEASING = YES;
				CLANG_WARN_BOOL_CONVERSION = YES;
				CLANG_WARN_COMMA = YES;
				CLANG_WARN_CONSTANT_CONVERSION = YES;
				CLANG_WARN_DEPRECATED_OBJC_IMPLEMENTATIONS = YES;
				CLANG_WARN_DIRECT_OBJC_ISA_USAGE = YES_ERROR;
				CLANG_WARN_DOCUMENTATION_COMMENTS = YES;
				CLANG_WARN_EMPTY_BODY = YES;
				CLANG_WARN_ENUM_CONVERSION = YES;
				CLANG_WARN_INFINITE_RECURSION = YES;
				CLANG_WARN_INT_CONVERSION = YES;
				CLANG_WARN_NON_LITERAL_NULL_CONVERSION = YES;
				CLANG_WARN_OBJC_IMPLICIT_RETAIN_SELF = YES;
				CLANG_WARN_OBJC_LITERAL_CONVERSION = YES;
				CLANG_WARN_OBJC_ROOT_CLASS = YES_ERROR;
				CLANG_WARN_QUOTED_INCLUDE_IN_FRAMEWORK_HEADER = YES;
				CLANG_WARN_RANGE_LOOP_ANALYSIS = YES;
				CLANG_WARN_STRICT_PROTOTYPES = YES;
				CLANG_WARN_SUSPICIOUS_MOVE = YES;
				CLANG_WARN_UNGUARDED_AVAILABILITY = YES_AGGRESSIVE;
				CLANG_WARN_UNREACHABLE_CODE = YES;
				CLANG_WARN__DUPLICATE_METHOD_MATCH = YES;
				COPY_PHASE_STRIP = NO;
				DEBUG_INFORMATION_FORMAT = dwarf;
				ENABLE_STRICT_OBJC_MSGSEND = YES;
				ENABLE_TESTABILITY = YES;
				GCC_C_LANGUAGE_STANDARD = gnu11;
				GCC_DYNAMIC_NO_PIC = NO;
				GCC_NO_COMMON_BLOCKS = YES;
				GCC_OPTIMIZATION_LEVEL = 0;
				GCC_PREPROCESSOR_DEFINITIONS = (
					"DEBUG=1",
					"$(inherited)",
				);
				GCC_WARN_64_TO_32_BIT_CONVERSION = YES;
				GCC_WARN_ABOUT_RETURN_TYPE = YES_ERROR;
				GCC_WARN_UNDECLARED_SELECTOR = YES;
				GCC_WARN_UNINITIALIZED_AUTOS = YES_AGGRESSIVE;
				GCC_WARN_UNUSED_FUNCTION = YES;
				GCC_WARN_UNUSED_VARIABLE = YES;
				IPHONEOS_DEPLOYMENT_TARGET = 16.2;
				MTL_ENABLE_DEBUG_INFO = INCLUDE_SOURCE;
				MTL_FAST_MATH = YES;
				ONLY_ACTIVE_ARCH = YES;
				SDKROOT = iphoneos;
				SWIFT_ACTIVE_COMPILATION_CONDITIONS = DEBUG;
				SWIFT_OPTIMIZATION_LEVEL = "-Onone";
			};
			name = Debug;
		};
		FD6B794F2A097BE000EBBFBD /* Release */ = {
			isa = XCBuildConfiguration;
			buildSettings = {
				ALWAYS_SEARCH_USER_PATHS = NO;
				CLANG_ANALYZER_NONNULL = YES;
				CLANG_ANALYZER_NUMBER_OBJECT_CONVERSION = YES_AGGRESSIVE;
				CLANG_CXX_LANGUAGE_STANDARD = "gnu++20";
				CLANG_ENABLE_MODULES = YES;
				CLANG_ENABLE_OBJC_ARC = YES;
				CLANG_ENABLE_OBJC_WEAK = YES;
				CLANG_WARN_BLOCK_CAPTURE_AUTORELEASING = YES;
				CLANG_WARN_BOOL_CONVERSION = YES;
				CLANG_WARN_COMMA = YES;
				CLANG_WARN_CONSTANT_CONVERSION = YES;
				CLANG_WARN_DEPRECATED_OBJC_IMPLEMENTATIONS = YES;
				CLANG_WARN_DIRECT_OBJC_ISA_USAGE = YES_ERROR;
				CLANG_WARN_DOCUMENTATION_COMMENTS = YES;
				CLANG_WARN_EMPTY_BODY = YES;
				CLANG_WARN_ENUM_CONVERSION = YES;
				CLANG_WARN_INFINITE_RECURSION = YES;
				CLANG_WARN_INT_CONVERSION = YES;
				CLANG_WARN_NON_LITERAL_NULL_CONVERSION = YES;
				CLANG_WARN_OBJC_IMPLICIT_RETAIN_SELF = YES;
				CLANG_WARN_OBJC_LITERAL_CONVERSION = YES;
				CLANG_WARN_OBJC_ROOT_CLASS = YES_ERROR;
				CLANG_WARN_QUOTED_INCLUDE_IN_FRAMEWORK_HEADER = YES;
				CLANG_WARN_RANGE_LOOP_ANALYSIS = YES;
				CLANG_WARN_STRICT_PROTOTYPES = YES;
				CLANG_WARN_SUSPICIOUS_MOVE = YES;
				CLANG_WARN_UNGUARDED_AVAILABILITY = YES_AGGRESSIVE;
				CLANG_WARN_UNREACHABLE_CODE = YES;
				CLANG_WARN__DUPLICATE_METHOD_MATCH = YES;
				COPY_PHASE_STRIP = NO;
				DEBUG_INFORMATION_FORMAT = "dwarf-with-dsym";
				ENABLE_NS_ASSERTIONS = NO;
				ENABLE_STRICT_OBJC_MSGSEND = YES;
				GCC_C_LANGUAGE_STANDARD = gnu11;
				GCC_NO_COMMON_BLOCKS = YES;
				GCC_WARN_64_TO_32_BIT_CONVERSION = YES;
				GCC_WARN_ABOUT_RETURN_TYPE = YES_ERROR;
				GCC_WARN_UNDECLARED_SELECTOR = YES;
				GCC_WARN_UNINITIALIZED_AUTOS = YES_AGGRESSIVE;
				GCC_WARN_UNUSED_FUNCTION = YES;
				GCC_WARN_UNUSED_VARIABLE = YES;
				IPHONEOS_DEPLOYMENT_TARGET = 16.2;
				MTL_ENABLE_DEBUG_INFO = NO;
				MTL_FAST_MATH = YES;
				SDKROOT = iphoneos;
				SWIFT_COMPILATION_MODE = wholemodule;
				SWIFT_OPTIMIZATION_LEVEL = "-O";
				VALIDATE_PRODUCT = YES;
			};
			name = Release;
		};
		FD6B79512A097BE000EBBFBD /* Debug */ = {
			isa = XCBuildConfiguration;
			buildSettings = {
				ASSETCATALOG_COMPILER_APPICON_NAME = AppIcon;
				ASSETCATALOG_COMPILER_GLOBAL_ACCENT_COLOR_NAME = AccentColor;
				CODE_SIGN_STYLE = Automatic;
				CURRENT_PROJECT_VERSION = 1;
				DEVELOPMENT_ASSET_PATHS = "\"FitLife/Preview Content\"";
				ENABLE_PREVIEWS = YES;
				GENERATE_INFOPLIST_FILE = YES;
				INFOPLIST_KEY_UIApplicationSceneManifest_Generation = YES;
				INFOPLIST_KEY_UIApplicationSupportsIndirectInputEvents = YES;
				INFOPLIST_KEY_UILaunchScreen_Generation = YES;
				INFOPLIST_KEY_UISupportedInterfaceOrientations_iPad = "UIInterfaceOrientationPortrait UIInterfaceOrientationPortraitUpsideDown UIInterfaceOrientationLandscapeLeft UIInterfaceOrientationLandscapeRight";
				INFOPLIST_KEY_UISupportedInterfaceOrientations_iPhone = "UIInterfaceOrientationPortrait UIInterfaceOrientationLandscapeLeft UIInterfaceOrientationLandscapeRight";
				LD_RUNPATH_SEARCH_PATHS = (
					"$(inherited)",
					"@executable_path/Frameworks",
				);
				MARKETING_VERSION = 1.0;
				PRODUCT_BUNDLE_IDENTIFIER = com.br..FitLife;
				PRODUCT_NAME = "$(TARGET_NAME)";
				SWIFT_EMIT_LOC_STRINGS = YES;
				SWIFT_VERSION = 5.0;
				TARGETED_DEVICE_FAMILY = "1,2";
			};
			name = Debug;
		};
		FD6B79522A097BE000EBBFBD /* Release */ = {
			isa = XCBuildConfiguration;
			buildSettings = {
				ASSETCATALOG_COMPILER_APPICON_NAME = AppIcon;
				ASSETCATALOG_COMPILER_GLOBAL_ACCENT_COLOR_NAME = AccentColor;
				CODE_SIGN_STYLE = Automatic;
				CURRENT_PROJECT_VERSION = 1;
				DEVELOPMENT_ASSET_PATHS = "\"FitLife/Preview Content\"";
				ENABLE_PREVIEWS = YES;
				GENERATE_INFOPLIST_FILE = YES;
				INFOPLIST_KEY_UIApplicationSceneManifest_Generation = YES;
				INFOPLIST_KEY_UIApplicationSupportsIndirectInputEvents = YES;
				INFOPLIST_KEY_UILaunchScreen_Generation = YES;
				INFOPLIST_KEY_UISupportedInterfaceOrientations_iPad = "UIInterfaceOrientationPortrait UIInterfaceOrientationPortraitUpsideDown UIInterfaceOrientationLandscapeLeft UIInterfaceOrientationLandscapeRight";
				INFOPLIST_KEY_UISupportedInterfaceOrientations_iPhone = "UIInterfaceOrientationPortrait UIInterfaceOrientationLandscapeLeft UIInterfaceOrientationLandscapeRight";
				LD_RUNPATH_SEARCH_PATHS = (
					"$(inherited)",
					"@executable_path/Frameworks",
				);
				MARKETING_VERSION = 1.0;
				PRODUCT_BUNDLE_IDENTIFIER = com.br..FitLife;
				PRODUCT_NAME = "$(TARGET_NAME)";
				SWIFT_EMIT_LOC_STRINGS = YES;
				SWIFT_VERSION = 5.0;
				TARGETED_DEVICE_FAMILY = "1,2";
			};
			name = Release;
		};
/* End XCBuildConfiguration section */

/* Begin XCConfigurationList section */
		FD6B793D2A097BDF00EBBFBD /* Build configuration list for PBXProject "FitLife" */ = {
			isa = XCConfigurationList;
			buildConfigurations = (
				FD6B794E2A097BE000EBBFBD /* Debug */,
				FD6B794F2A097BE000EBBFBD /* Release */,
			);
			defaultConfigurationIsVisible = 0;
			defaultConfigurationName = Release;
		};
		FD6B79502A097BE000EBBFBD /* Build configuration list for PBXNativeTarget "FitLife" */ = {
			isa = XCConfigurationList;
			buildConfigurations = (
				FD6B79512A097BE000EBBFBD /* Debug */,
				FD6B79522A097BE000EBBFBD /* Release */,
			);
			defaultConfigurationIsVisible = 0;
			defaultConfigurationName = Release;
		};
/* End XCConfigurationList section */
	};
	rootObject = FD6B793A2A097BDF00EBBFBD /* Project object */;
}
